
Microsoft Visual Studio Solution File, Format Version 12.00
# Visual Studio Version 17
VisualStudioVersion = 17.9.34902.65
MinimumVisualStudioVersion = 10.0.40219.1
Project("{2150E333-8FDC-42A3-9474-1A3956D46DE8}") = "Chapter0", "Chapter0", "{640FF73E-B667-46A7-B0AD-2DA6226AF10B}"
EndProject
Project("{8BC9CEB8-8B4A-11D0-8D11-00A0C91BC942}") = "PrintSandard", "Chapter0\PrintSandard\PrintSandard.vcxproj", "{FD783C63-689C-4F21-B956-47FFCE905742}"
EndProject
Project("{2150E333-8FDC-42A3-9474-1A3956D46DE8}") = "Chapter1", "Chapter1", "{22A163B5-5A70-48EE-A7A8-FDB5DE258DA8}"
EndProject
Project("{8BC9CEB8-8B4A-11D0-8D11-00A0C91BC942}") = "1.11", "Chapter1\1.11\1.11.vcxproj", "{B2C80AA3-936C-40EA-9585-E47AECD4DC4A}"
EndProject
Project("{8BC9CEB8-8B4A-11D0-8D11-00A0C91BC942}") = "1.x", "Chapter1\1.x\1.x.vcxproj", "{C7F5B654-81A5-4CB7-85FD-4AD7A366A84B}"
EndProject
Project("{8BC9CEB8-8B4A-11D0-8D11-00A0C91BC942}") = "0.7", "Chapter0\0.7\0.7.vcxproj", "{A4A84588-3812-4819-80B3-578203C20157}"
EndProject
Project("{2150E333-8FDC-42A3-9474-1A3956D46DE8}") = "Chapter2", "Chapter2", "{1E83D2ED-583E-4CF6-8CB4-E5C634548975}"
EndProject
Global
	GlobalSection(SolutionConfigurationPlatforms) = preSolution
		Debug|x64 = Debug|x64
		Debug|x86 = Debug|x86
		Release|x64 = Release|x64
		Release|x86 = Release|x86
	EndGlobalSection
	GlobalSection(ProjectConfigurationPlatforms) = postSolution
		{FD783C63-689C-4F21-B956-47FFCE905742}.Debug|x64.ActiveCfg = Debug|x64
		{FD783C63-689C-4F21-B956-47FFCE905742}.Debug|x64.Build.0 = Debug|x64
		{FD783C63-689C-4F21-B956-47FFCE905742}.Debug|x86.ActiveCfg = Debug|Win32
		{FD783C63-689C-4F21-B956-47FFCE905742}.Debug|x86.Build.0 = Debug|Win32
		{FD783C63-689C-4F21-B956-47FFCE905742}.Release|x64.ActiveCfg = Release|x64
		{FD783C63-689C-4F21-B956-47FFCE905742}.Release|x64.Build.0 = Release|x64
		{FD783C63-689C-4F21-B956-47FFCE905742}.Release|x86.ActiveCfg = Release|Win32
		{FD783C63-689C-4F21-B956-47FFCE905742}.Release|x86.Build.0 = Release|Win32
		{B2C80AA3-936C-40EA-9585-E47AECD4DC4A}.Debug|x64.ActiveCfg = Debug|x64
		{B2C80AA3-936C-40EA-9585-E47AECD4DC4A}.Debug|x64.Build.0 = Debug|x64
		{B2C80AA3-936C-40EA-9585-E47AECD4DC4A}.Debug|x86.ActiveCfg = Debug|Win32
		{B2C80AA3-936C-40EA-9585-E47AECD4DC4A}.Debug|x86.Build.0 = Debug|Win32
		{B2C80AA3-936C-40EA-9585-E47AECD4DC4A}.Release|x64.ActiveCfg = Release|x64
		{B2C80AA3-936C-40EA-9585-E47AECD4DC4A}.Release|x64.Build.0 = Release|x64
		{B2C80AA3-936C-40EA-9585-E47AECD4DC4A}.Release|x86.ActiveCfg = Release|Win32
		{B2C80AA3-936C-40EA-9585-E47AECD4DC4A}.Release|x86.Build.0 = Release|Win32
		{C7F5B654-81A5-4CB7-85FD-4AD7A366A84B}.Debug|x64.ActiveCfg = Debug|x64
		{C7F5B654-81A5-4CB7-85FD-4AD7A366A84B}.Debug|x64.Build.0 = Debug|x64
		{C7F5B654-81A5-4CB7-85FD-4AD7A366A84B}.Debug|x86.ActiveCfg = Debug|Win32
		{C7F5B654-81A5-4CB7-85FD-4AD7A366A84B}.Debug|x86.Build.0 = Debug|Win32
		{C7F5B654-81A5-4CB7-85FD-4AD7A366A84B}.Release|x64.ActiveCfg = Release|x64
		{C7F5B654-81A5-4CB7-85FD-4AD7A366A84B}.Release|x64.Build.0 = Release|x64
		{C7F5B654-81A5-4CB7-85FD-4AD7A366A84B}.Release|x86.ActiveCfg = Release|Win32
		{C7F5B654-81A5-4CB7-85FD-4AD7A366A84B}.Release|x86.Build.0 = Release|Win32
		{A4A84588-3812-4819-80B3-578203C20157}.Debug|x64.ActiveCfg = Debug|x64
		{A4A84588-3812-4819-80B3-578203C20157}.Debug|x64.Build.0 = Debug|x64
		{A4A84588-3812-4819-80B3-578203C20157}.Debug|x86.ActiveCfg = Debug|Win32
		{A4A84588-3812-4819-80B3-578203C20157}.Debug|x86.Build.0 = Debug|Win32
		{A4A84588-3812-4819-80B3-578203C20157}.Release|x64.ActiveCfg = Release|x64
		{A4A84588-3812-4819-80B3-578203C20157}.Release|x64.Build.0 = Release|x64
		{A4A84588-3812-4819-80B3-578203C20157}.Release|x86.ActiveCfg = Release|Win32
		{A4A84588-3812-4819-80B3-578203C20157}.Release|x86.Build.0 = Release|Win32
	EndGlobalSection
	GlobalSection(SolutionProperties) = preSolution
		HideSolutionNode = FALSE
	EndGlobalSection
	GlobalSection(NestedProjects) = preSolution
		{FD783C63-689C-4F21-B956-47FFCE905742} = {640FF73E-B667-46A7-B0AD-2DA6226AF10B}
		{B2C80AA3-936C-40EA-9585-E47AECD4DC4A} = {22A163B5-5A70-48EE-A7A8-FDB5DE258DA8}
		{C7F5B654-81A5-4CB7-85FD-4AD7A366A84B} = {22A163B5-5A70-48EE-A7A8-FDB5DE258DA8}
		{A4A84588-3812-4819-80B3-578203C20157} = {640FF73E-B667-46A7-B0AD-2DA6226AF10B}
	EndGlobalSection
	GlobalSection(ExtensibilityGlobals) = postSolution
		SolutionGuid = {875607A8-44A3-47CA-B81D-9F5F9D341665}
	EndGlobalSection
EndGlobal
