
Microsoft Visual Studio Solution File, Format Version 12.00
# Visual Studio Version 17
VisualStudioVersion = 17.9.34728.123
MinimumVisualStudioVersion = 10.0.40219.1
Project("{2150E333-8FDC-42A3-9474-1A3956D46DE8}") = "Chapter01", "Chapter01", "{EBB7CC16-4598-4F5A-AB69-793C416DAB20}"
EndProject
Project("{2150E333-8FDC-42A3-9474-1A3956D46DE8}") = "Chapter02", "Chapter02", "{E8EEF9B0-310E-42B0-8D8C-98FC194E9BF5}"
EndProject
Project("{2150E333-8FDC-42A3-9474-1A3956D46DE8}") = "Try_this", "Try_this", "{88BCF2E1-54CA-4A11-BF22-75B46C30EF91}"
EndProject
Project("{8BC9CEB8-8B4A-11D0-8D11-00A0C91BC942}") = "Drill", "Chapter1\Drill\Drill.vcxproj", "{685ABE60-CD94-457F-B01D-1A8B0519A487}"
EndProject
Project("{8BC9CEB8-8B4A-11D0-8D11-00A0C91BC942}") = "operators", "Chapter2\Try_this\operators\operators.vcxproj", "{0365CB40-FD0D-44B8-A766-B1C11FAC75ED}"
EndProject
Project("{8BC9CEB8-8B4A-11D0-8D11-00A0C91BC942}") = "name_and_age", "Chapter2\Try_this\name_and_age\name_and_age.vcxproj", "{50BC55AD-023F-4317-8134-0A789B17828E}"
EndProject
Project("{8BC9CEB8-8B4A-11D0-8D11-00A0C91BC942}") = "goodbye_cruel_world", "Chapter2\Try_this\goodbye_cruel_world\goodbye_cruel_world.vcxproj", "{3CC446CC-064A-443C-B2B5-DE4DB0EFAA43}"
EndProject
Project("{8BC9CEB8-8B4A-11D0-8D11-00A0C91BC942}") = "conversions", "Chapter2\Try_this\conversions\conversions.vcxproj", "{1764E50F-DAE5-48A0-B055-3E10EED6390B}"
EndProject
Project("{8BC9CEB8-8B4A-11D0-8D11-00A0C91BC942}") = "repeated_word_detection", "Chapter2\Try_this\repeated_word_detection\repeated_word_detection.vcxproj", "{4B2FCACC-50DB-4265-9D1A-8F33E862B48C}"
EndProject
Project("{8BC9CEB8-8B4A-11D0-8D11-00A0C91BC942}") = "drill", "Chapter2\Drill\drill\drill.vcxproj", "{680A9FC4-CB95-4957-A112-5C9995866367}"
EndProject
Project("{2150E333-8FDC-42A3-9474-1A3956D46DE8}") = "Drill", "Drill", "{16D308DA-5E4E-4A02-B5AA-518ED62D42E3}"
EndProject
Project("{2150E333-8FDC-42A3-9474-1A3956D46DE8}") = "Chapter03", "Chapter03", "{7FFD1621-1E29-40BE-87D7-8E32BB8BDC10}"
EndProject
Project("{8BC9CEB8-8B4A-11D0-8D11-00A0C91BC942}") = "Drill", "Chapter3\Drill\Drill.vcxproj", "{994CDB72-1E05-452B-AD24-07B90E013EFB}"
EndProject
Project("{2150E333-8FDC-42A3-9474-1A3956D46DE8}") = "Exercises", "Exercises", "{332EEE26-EE05-4338-A497-4B36B759D6DB}"
EndProject
Project("{8BC9CEB8-8B4A-11D0-8D11-00A0C91BC942}") = "02", "Chapter2\Exercises\02\02.vcxproj", "{373CBF78-E14C-43F4-8C0A-9975CF69C672}"
EndProject
Project("{8BC9CEB8-8B4A-11D0-8D11-00A0C91BC942}") = "03", "Chapter2\Exercises\03\03.vcxproj", "{FAC55948-D645-410A-A37D-FF26646B2E7F}"
EndProject
Project("{8BC9CEB8-8B4A-11D0-8D11-00A0C91BC942}") = "04", "Chapter2\Exercises\04\04.vcxproj", "{2B0864A3-CA8C-48F8-9E0D-53031B65D0D9}"
EndProject
Project("{8BC9CEB8-8B4A-11D0-8D11-00A0C91BC942}") = "05", "Chapter2\Exercises\05\05.vcxproj", "{5B5CC03E-66C9-42E2-98E3-06B962E90085}"
EndProject
Project("{8BC9CEB8-8B4A-11D0-8D11-00A0C91BC942}") = "06", "Chapter2\Exercises\06\06.vcxproj", "{B108AA40-A30D-4475-95EF-AE1AF060BCA1}"
EndProject
Project("{8BC9CEB8-8B4A-11D0-8D11-00A0C91BC942}") = "07", "Chapter2\Exercises\07\07.vcxproj", "{3806D4CF-C699-44E2-A5C0-0038FFDB12AA}"
EndProject
Project("{8BC9CEB8-8B4A-11D0-8D11-00A0C91BC942}") = "08", "Chapter2\Exercises\08\08.vcxproj", "{CCF01BBE-2B1F-42E1-B1E3-17ED90963DED}"
EndProject
Global
	GlobalSection(SolutionConfigurationPlatforms) = preSolution
		Debug|x64 = Debug|x64
		Debug|x86 = Debug|x86
		Release|x64 = Release|x64
		Release|x86 = Release|x86
	EndGlobalSection
	GlobalSection(ProjectConfigurationPlatforms) = postSolution
		{685ABE60-CD94-457F-B01D-1A8B0519A487}.Debug|x64.ActiveCfg = Debug|x64
		{685ABE60-CD94-457F-B01D-1A8B0519A487}.Debug|x64.Build.0 = Debug|x64
		{685ABE60-CD94-457F-B01D-1A8B0519A487}.Debug|x86.ActiveCfg = Debug|Win32
		{685ABE60-CD94-457F-B01D-1A8B0519A487}.Debug|x86.Build.0 = Debug|Win32
		{685ABE60-CD94-457F-B01D-1A8B0519A487}.Release|x64.ActiveCfg = Release|x64
		{685ABE60-CD94-457F-B01D-1A8B0519A487}.Release|x64.Build.0 = Release|x64
		{685ABE60-CD94-457F-B01D-1A8B0519A487}.Release|x86.ActiveCfg = Release|Win32
		{685ABE60-CD94-457F-B01D-1A8B0519A487}.Release|x86.Build.0 = Release|Win32
		{0365CB40-FD0D-44B8-A766-B1C11FAC75ED}.Debug|x64.ActiveCfg = Debug|x64
		{0365CB40-FD0D-44B8-A766-B1C11FAC75ED}.Debug|x64.Build.0 = Debug|x64
		{0365CB40-FD0D-44B8-A766-B1C11FAC75ED}.Debug|x86.ActiveCfg = Debug|Win32
		{0365CB40-FD0D-44B8-A766-B1C11FAC75ED}.Debug|x86.Build.0 = Debug|Win32
		{0365CB40-FD0D-44B8-A766-B1C11FAC75ED}.Release|x64.ActiveCfg = Release|x64
		{0365CB40-FD0D-44B8-A766-B1C11FAC75ED}.Release|x64.Build.0 = Release|x64
		{0365CB40-FD0D-44B8-A766-B1C11FAC75ED}.Release|x86.ActiveCfg = Release|Win32
		{0365CB40-FD0D-44B8-A766-B1C11FAC75ED}.Release|x86.Build.0 = Release|Win32
		{50BC55AD-023F-4317-8134-0A789B17828E}.Debug|x64.ActiveCfg = Debug|x64
		{50BC55AD-023F-4317-8134-0A789B17828E}.Debug|x64.Build.0 = Debug|x64
		{50BC55AD-023F-4317-8134-0A789B17828E}.Debug|x86.ActiveCfg = Debug|Win32
		{50BC55AD-023F-4317-8134-0A789B17828E}.Debug|x86.Build.0 = Debug|Win32
		{50BC55AD-023F-4317-8134-0A789B17828E}.Release|x64.ActiveCfg = Release|x64
		{50BC55AD-023F-4317-8134-0A789B17828E}.Release|x64.Build.0 = Release|x64
		{50BC55AD-023F-4317-8134-0A789B17828E}.Release|x86.ActiveCfg = Release|Win32
		{50BC55AD-023F-4317-8134-0A789B17828E}.Release|x86.Build.0 = Release|Win32
		{3CC446CC-064A-443C-B2B5-DE4DB0EFAA43}.Debug|x64.ActiveCfg = Debug|x64
		{3CC446CC-064A-443C-B2B5-DE4DB0EFAA43}.Debug|x64.Build.0 = Debug|x64
		{3CC446CC-064A-443C-B2B5-DE4DB0EFAA43}.Debug|x86.ActiveCfg = Debug|Win32
		{3CC446CC-064A-443C-B2B5-DE4DB0EFAA43}.Debug|x86.Build.0 = Debug|Win32
		{3CC446CC-064A-443C-B2B5-DE4DB0EFAA43}.Release|x64.ActiveCfg = Release|x64
		{3CC446CC-064A-443C-B2B5-DE4DB0EFAA43}.Release|x64.Build.0 = Release|x64
		{3CC446CC-064A-443C-B2B5-DE4DB0EFAA43}.Release|x86.ActiveCfg = Release|Win32
		{3CC446CC-064A-443C-B2B5-DE4DB0EFAA43}.Release|x86.Build.0 = Release|Win32
		{1764E50F-DAE5-48A0-B055-3E10EED6390B}.Debug|x64.ActiveCfg = Debug|x64
		{1764E50F-DAE5-48A0-B055-3E10EED6390B}.Debug|x64.Build.0 = Debug|x64
		{1764E50F-DAE5-48A0-B055-3E10EED6390B}.Debug|x86.ActiveCfg = Debug|Win32
		{1764E50F-DAE5-48A0-B055-3E10EED6390B}.Debug|x86.Build.0 = Debug|Win32
		{1764E50F-DAE5-48A0-B055-3E10EED6390B}.Release|x64.ActiveCfg = Release|x64
		{1764E50F-DAE5-48A0-B055-3E10EED6390B}.Release|x64.Build.0 = Release|x64
		{1764E50F-DAE5-48A0-B055-3E10EED6390B}.Release|x86.ActiveCfg = Release|Win32
		{1764E50F-DAE5-48A0-B055-3E10EED6390B}.Release|x86.Build.0 = Release|Win32
		{4B2FCACC-50DB-4265-9D1A-8F33E862B48C}.Debug|x64.ActiveCfg = Debug|x64
		{4B2FCACC-50DB-4265-9D1A-8F33E862B48C}.Debug|x64.Build.0 = Debug|x64
		{4B2FCACC-50DB-4265-9D1A-8F33E862B48C}.Debug|x86.ActiveCfg = Debug|Win32
		{4B2FCACC-50DB-4265-9D1A-8F33E862B48C}.Debug|x86.Build.0 = Debug|Win32
		{4B2FCACC-50DB-4265-9D1A-8F33E862B48C}.Release|x64.ActiveCfg = Release|x64
		{4B2FCACC-50DB-4265-9D1A-8F33E862B48C}.Release|x64.Build.0 = Release|x64
		{4B2FCACC-50DB-4265-9D1A-8F33E862B48C}.Release|x86.ActiveCfg = Release|Win32
		{4B2FCACC-50DB-4265-9D1A-8F33E862B48C}.Release|x86.Build.0 = Release|Win32
		{680A9FC4-CB95-4957-A112-5C9995866367}.Debug|x64.ActiveCfg = Debug|x64
		{680A9FC4-CB95-4957-A112-5C9995866367}.Debug|x64.Build.0 = Debug|x64
		{680A9FC4-CB95-4957-A112-5C9995866367}.Debug|x86.ActiveCfg = Debug|Win32
		{680A9FC4-CB95-4957-A112-5C9995866367}.Debug|x86.Build.0 = Debug|Win32
		{680A9FC4-CB95-4957-A112-5C9995866367}.Release|x64.ActiveCfg = Release|x64
		{680A9FC4-CB95-4957-A112-5C9995866367}.Release|x64.Build.0 = Release|x64
		{680A9FC4-CB95-4957-A112-5C9995866367}.Release|x86.ActiveCfg = Release|Win32
		{680A9FC4-CB95-4957-A112-5C9995866367}.Release|x86.Build.0 = Release|Win32
		{994CDB72-1E05-452B-AD24-07B90E013EFB}.Debug|x64.ActiveCfg = Debug|x64
		{994CDB72-1E05-452B-AD24-07B90E013EFB}.Debug|x64.Build.0 = Debug|x64
		{994CDB72-1E05-452B-AD24-07B90E013EFB}.Debug|x86.ActiveCfg = Debug|Win32
		{994CDB72-1E05-452B-AD24-07B90E013EFB}.Debug|x86.Build.0 = Debug|Win32
		{994CDB72-1E05-452B-AD24-07B90E013EFB}.Release|x64.ActiveCfg = Release|x64
		{994CDB72-1E05-452B-AD24-07B90E013EFB}.Release|x64.Build.0 = Release|x64
		{994CDB72-1E05-452B-AD24-07B90E013EFB}.Release|x86.ActiveCfg = Release|Win32
		{994CDB72-1E05-452B-AD24-07B90E013EFB}.Release|x86.Build.0 = Release|Win32
		{373CBF78-E14C-43F4-8C0A-9975CF69C672}.Debug|x64.ActiveCfg = Debug|x64
		{373CBF78-E14C-43F4-8C0A-9975CF69C672}.Debug|x64.Build.0 = Debug|x64
		{373CBF78-E14C-43F4-8C0A-9975CF69C672}.Debug|x86.ActiveCfg = Debug|Win32
		{373CBF78-E14C-43F4-8C0A-9975CF69C672}.Debug|x86.Build.0 = Debug|Win32
		{373CBF78-E14C-43F4-8C0A-9975CF69C672}.Release|x64.ActiveCfg = Release|x64
		{373CBF78-E14C-43F4-8C0A-9975CF69C672}.Release|x64.Build.0 = Release|x64
		{373CBF78-E14C-43F4-8C0A-9975CF69C672}.Release|x86.ActiveCfg = Release|Win32
		{373CBF78-E14C-43F4-8C0A-9975CF69C672}.Release|x86.Build.0 = Release|Win32
		{FAC55948-D645-410A-A37D-FF26646B2E7F}.Debug|x64.ActiveCfg = Debug|x64
		{FAC55948-D645-410A-A37D-FF26646B2E7F}.Debug|x64.Build.0 = Debug|x64
		{FAC55948-D645-410A-A37D-FF26646B2E7F}.Debug|x86.ActiveCfg = Debug|Win32
		{FAC55948-D645-410A-A37D-FF26646B2E7F}.Debug|x86.Build.0 = Debug|Win32
		{FAC55948-D645-410A-A37D-FF26646B2E7F}.Release|x64.ActiveCfg = Release|x64
		{FAC55948-D645-410A-A37D-FF26646B2E7F}.Release|x64.Build.0 = Release|x64
		{FAC55948-D645-410A-A37D-FF26646B2E7F}.Release|x86.ActiveCfg = Release|Win32
		{FAC55948-D645-410A-A37D-FF26646B2E7F}.Release|x86.Build.0 = Release|Win32
		{2B0864A3-CA8C-48F8-9E0D-53031B65D0D9}.Debug|x64.ActiveCfg = Debug|x64
		{2B0864A3-CA8C-48F8-9E0D-53031B65D0D9}.Debug|x64.Build.0 = Debug|x64
		{2B0864A3-CA8C-48F8-9E0D-53031B65D0D9}.Debug|x86.ActiveCfg = Debug|Win32
		{2B0864A3-CA8C-48F8-9E0D-53031B65D0D9}.Debug|x86.Build.0 = Debug|Win32
		{2B0864A3-CA8C-48F8-9E0D-53031B65D0D9}.Release|x64.ActiveCfg = Release|x64
		{2B0864A3-CA8C-48F8-9E0D-53031B65D0D9}.Release|x64.Build.0 = Release|x64
		{2B0864A3-CA8C-48F8-9E0D-53031B65D0D9}.Release|x86.ActiveCfg = Release|Win32
		{2B0864A3-CA8C-48F8-9E0D-53031B65D0D9}.Release|x86.Build.0 = Release|Win32
		{5B5CC03E-66C9-42E2-98E3-06B962E90085}.Debug|x64.ActiveCfg = Debug|x64
		{5B5CC03E-66C9-42E2-98E3-06B962E90085}.Debug|x64.Build.0 = Debug|x64
		{5B5CC03E-66C9-42E2-98E3-06B962E90085}.Debug|x86.ActiveCfg = Debug|Win32
		{5B5CC03E-66C9-42E2-98E3-06B962E90085}.Debug|x86.Build.0 = Debug|Win32
		{5B5CC03E-66C9-42E2-98E3-06B962E90085}.Release|x64.ActiveCfg = Release|x64
		{5B5CC03E-66C9-42E2-98E3-06B962E90085}.Release|x64.Build.0 = Release|x64
		{5B5CC03E-66C9-42E2-98E3-06B962E90085}.Release|x86.ActiveCfg = Release|Win32
		{5B5CC03E-66C9-42E2-98E3-06B962E90085}.Release|x86.Build.0 = Release|Win32
		{B108AA40-A30D-4475-95EF-AE1AF060BCA1}.Debug|x64.ActiveCfg = Debug|x64
		{B108AA40-A30D-4475-95EF-AE1AF060BCA1}.Debug|x64.Build.0 = Debug|x64
		{B108AA40-A30D-4475-95EF-AE1AF060BCA1}.Debug|x86.ActiveCfg = Debug|Win32
		{B108AA40-A30D-4475-95EF-AE1AF060BCA1}.Debug|x86.Build.0 = Debug|Win32
		{B108AA40-A30D-4475-95EF-AE1AF060BCA1}.Release|x64.ActiveCfg = Release|x64
		{B108AA40-A30D-4475-95EF-AE1AF060BCA1}.Release|x64.Build.0 = Release|x64
		{B108AA40-A30D-4475-95EF-AE1AF060BCA1}.Release|x86.ActiveCfg = Release|Win32
		{B108AA40-A30D-4475-95EF-AE1AF060BCA1}.Release|x86.Build.0 = Release|Win32
		{3806D4CF-C699-44E2-A5C0-0038FFDB12AA}.Debug|x64.ActiveCfg = Debug|x64
		{3806D4CF-C699-44E2-A5C0-0038FFDB12AA}.Debug|x64.Build.0 = Debug|x64
		{3806D4CF-C699-44E2-A5C0-0038FFDB12AA}.Debug|x86.ActiveCfg = Debug|Win32
		{3806D4CF-C699-44E2-A5C0-0038FFDB12AA}.Debug|x86.Build.0 = Debug|Win32
		{3806D4CF-C699-44E2-A5C0-0038FFDB12AA}.Release|x64.ActiveCfg = Release|x64
		{3806D4CF-C699-44E2-A5C0-0038FFDB12AA}.Release|x64.Build.0 = Release|x64
		{3806D4CF-C699-44E2-A5C0-0038FFDB12AA}.Release|x86.ActiveCfg = Release|Win32
		{3806D4CF-C699-44E2-A5C0-0038FFDB12AA}.Release|x86.Build.0 = Release|Win32
		{CCF01BBE-2B1F-42E1-B1E3-17ED90963DED}.Debug|x64.ActiveCfg = Debug|x64
		{CCF01BBE-2B1F-42E1-B1E3-17ED90963DED}.Debug|x64.Build.0 = Debug|x64
		{CCF01BBE-2B1F-42E1-B1E3-17ED90963DED}.Debug|x86.ActiveCfg = Debug|Win32
		{CCF01BBE-2B1F-42E1-B1E3-17ED90963DED}.Debug|x86.Build.0 = Debug|Win32
		{CCF01BBE-2B1F-42E1-B1E3-17ED90963DED}.Release|x64.ActiveCfg = Release|x64
		{CCF01BBE-2B1F-42E1-B1E3-17ED90963DED}.Release|x64.Build.0 = Release|x64
		{CCF01BBE-2B1F-42E1-B1E3-17ED90963DED}.Release|x86.ActiveCfg = Release|Win32
		{CCF01BBE-2B1F-42E1-B1E3-17ED90963DED}.Release|x86.Build.0 = Release|Win32
	EndGlobalSection
	GlobalSection(SolutionProperties) = preSolution
		HideSolutionNode = FALSE
	EndGlobalSection
	GlobalSection(NestedProjects) = preSolution
		{88BCF2E1-54CA-4A11-BF22-75B46C30EF91} = {E8EEF9B0-310E-42B0-8D8C-98FC194E9BF5}
		{685ABE60-CD94-457F-B01D-1A8B0519A487} = {EBB7CC16-4598-4F5A-AB69-793C416DAB20}
		{0365CB40-FD0D-44B8-A766-B1C11FAC75ED} = {88BCF2E1-54CA-4A11-BF22-75B46C30EF91}
		{50BC55AD-023F-4317-8134-0A789B17828E} = {88BCF2E1-54CA-4A11-BF22-75B46C30EF91}
		{3CC446CC-064A-443C-B2B5-DE4DB0EFAA43} = {88BCF2E1-54CA-4A11-BF22-75B46C30EF91}
		{1764E50F-DAE5-48A0-B055-3E10EED6390B} = {88BCF2E1-54CA-4A11-BF22-75B46C30EF91}
		{4B2FCACC-50DB-4265-9D1A-8F33E862B48C} = {88BCF2E1-54CA-4A11-BF22-75B46C30EF91}
		{680A9FC4-CB95-4957-A112-5C9995866367} = {16D308DA-5E4E-4A02-B5AA-518ED62D42E3}
		{16D308DA-5E4E-4A02-B5AA-518ED62D42E3} = {E8EEF9B0-310E-42B0-8D8C-98FC194E9BF5}
		{994CDB72-1E05-452B-AD24-07B90E013EFB} = {7FFD1621-1E29-40BE-87D7-8E32BB8BDC10}
		{332EEE26-EE05-4338-A497-4B36B759D6DB} = {E8EEF9B0-310E-42B0-8D8C-98FC194E9BF5}
		{373CBF78-E14C-43F4-8C0A-9975CF69C672} = {332EEE26-EE05-4338-A497-4B36B759D6DB}
		{FAC55948-D645-410A-A37D-FF26646B2E7F} = {332EEE26-EE05-4338-A497-4B36B759D6DB}
		{2B0864A3-CA8C-48F8-9E0D-53031B65D0D9} = {332EEE26-EE05-4338-A497-4B36B759D6DB}
		{5B5CC03E-66C9-42E2-98E3-06B962E90085} = {332EEE26-EE05-4338-A497-4B36B759D6DB}
		{B108AA40-A30D-4475-95EF-AE1AF060BCA1} = {332EEE26-EE05-4338-A497-4B36B759D6DB}
		{3806D4CF-C699-44E2-A5C0-0038FFDB12AA} = {332EEE26-EE05-4338-A497-4B36B759D6DB}
		{CCF01BBE-2B1F-42E1-B1E3-17ED90963DED} = {332EEE26-EE05-4338-A497-4B36B759D6DB}
	EndGlobalSection
	GlobalSection(ExtensibilityGlobals) = postSolution
		SolutionGuid = {69CEDABF-1B01-4FA1-839D-28FEF6829305}
	EndGlobalSection
EndGlobal
